# THIS IS AN AUTOGENERATED FILE. DO NOT EDIT THIS FILE DIRECTLY.
# yarn lockfile v1


metamask-react@^2.4.1:
  version "2.4.1"
  resolved "https://registry.yarnpkg.com/metamask-react/-/metamask-react-2.4.1.tgz#97a96af1c9e36e9e9e118efb26709015d5b7feaa"
  integrity sha512-0eACYVsqqBkrDMkUbVr43ExvZTPNVibnC8l6HNzO8yrewWE2WJW50oTJX1b1i3KqvkLWU693BTVTeMinCvJc4g==
